
Microsoft Visual Studio Solution File, Format Version 12.00
# Visual Studio Version 16
VisualStudioVersion = 16.0.29215.179
MinimumVisualStudioVersion = 10.0.40219.1
Project("{FAE04EC0-301F-11D3-BF4B-00C04F79EFBC}") = "CDForest", "CDForest.csproj", "{90A8B754-9388-403E-8E9F-6871A14C70D7}"
EndProject
Global
	GlobalSection(SolutionConfigurationPlatforms) = preSolution
		Debug|Any CPU = Debug|Any CPU
		Release|Any CPU = Release|Any CPU
	EndGlobalSection
	GlobalSection(ProjectConfigurationPlatforms) = postSolution
		{90A8B754-9388-403E-8E9F-6871A14C70D7}.Debug|Any CPU.ActiveCfg = Debug|Any CPU
		{90A8B754-9388-403E-8E9F-6871A14C70D7}.Debug|Any CPU.Build.0 = Debug|Any CPU
		{90A8B754-9388-403E-8E9F-6871A14C70D7}.Release|Any CPU.ActiveCfg = Release|Any CPU
		{90A8B754-9388-403E-8E9F-6871A14C70D7}.Release|Any CPU.Build.0 = Release|Any CPU
	EndGlobalSection
	GlobalSection(SolutionProperties) = preSolution
		HideSolutionNode = FALSE
	EndGlobalSection
	GlobalSection(ExtensibilityGlobals) = postSolution
		SolutionGuid = {55B050D6-21BC-4960-B087-43BCB60FD1D4}
	EndGlobalSection
EndGlobal
