
Microsoft Visual Studio Solution File, Format Version 12.00
# Visual Studio Version 16
VisualStudioVersion = 16.0.29326.143
MinimumVisualStudioVersion = 10.0.40219.1
Project("{FAE04EC0-301F-11D3-BF4B-00C04F79EFBC}") = "CDForestFull", "CDForestFull\CDForestFull.csproj", "{6A980324-A332-41FF-B233-72BEBD32F7E6}"
EndProject
Project("{FAE04EC0-301F-11D3-BF4B-00C04F79EFBC}") = "CDSearchApp", "CDSearchApp\CDSearchApp.csproj", "{7FFF33FC-B2F7-453D-AD81-908359B5A1BC}"
EndProject
Project("{FAE04EC0-301F-11D3-BF4B-00C04F79EFBC}") = "CDSearchFile", "CDSearchFile\CDSearchFile.csproj", "{C9E8018E-A705-4EA9-B238-D46D3C9CD35C}"
EndProject
Global
	GlobalSection(SolutionConfigurationPlatforms) = preSolution
		Debug|Any CPU = Debug|Any CPU
		Release|Any CPU = Release|Any CPU
	EndGlobalSection
	GlobalSection(ProjectConfigurationPlatforms) = postSolution
		{6A980324-A332-41FF-B233-72BEBD32F7E6}.Debug|Any CPU.ActiveCfg = Debug|Any CPU
		{6A980324-A332-41FF-B233-72BEBD32F7E6}.Debug|Any CPU.Build.0 = Debug|Any CPU
		{6A980324-A332-41FF-B233-72BEBD32F7E6}.Release|Any CPU.ActiveCfg = Release|Any CPU
		{6A980324-A332-41FF-B233-72BEBD32F7E6}.Release|Any CPU.Build.0 = Release|Any CPU
		{7FFF33FC-B2F7-453D-AD81-908359B5A1BC}.Debug|Any CPU.ActiveCfg = Debug|Any CPU
		{7FFF33FC-B2F7-453D-AD81-908359B5A1BC}.Debug|Any CPU.Build.0 = Debug|Any CPU
		{7FFF33FC-B2F7-453D-AD81-908359B5A1BC}.Release|Any CPU.ActiveCfg = Release|Any CPU
		{7FFF33FC-B2F7-453D-AD81-908359B5A1BC}.Release|Any CPU.Build.0 = Release|Any CPU
		{C9E8018E-A705-4EA9-B238-D46D3C9CD35C}.Debug|Any CPU.ActiveCfg = Debug|Any CPU
		{C9E8018E-A705-4EA9-B238-D46D3C9CD35C}.Debug|Any CPU.Build.0 = Debug|Any CPU
		{C9E8018E-A705-4EA9-B238-D46D3C9CD35C}.Release|Any CPU.ActiveCfg = Release|Any CPU
		{C9E8018E-A705-4EA9-B238-D46D3C9CD35C}.Release|Any CPU.Build.0 = Release|Any CPU
	EndGlobalSection
	GlobalSection(SolutionProperties) = preSolution
		HideSolutionNode = FALSE
	EndGlobalSection
	GlobalSection(ExtensibilityGlobals) = postSolution
		SolutionGuid = {79610A03-F9E6-45F3-92C7-DF8213CF5DD1}
	EndGlobalSection
EndGlobal
